lockfileVersion: '6.0'

settings:
  autoInstallPeers: true
  excludeLinksFromLockfile: false

dependencies:
  bootstrap-icons:
    specifier: ^1.11.3
    version: 1.11.3

packages:

  /bootstrap-icons@1.11.3:
    resolution: {integrity: sha512-+3lpHrCw/it2/7lBL15VR0HEumaBss0+f/Lb6ZvHISn1mlK83jjFpooTLsMWbIjJMDjDjOExMsTxnXSIT4k4ww==}
    dev: false
